
Microsoft Visual Studio Solution File, Format Version 12.00
# Visual Studio Version 17
VisualStudioVersion = 17.0.32112.339
MinimumVisualStudioVersion = 10.0.40219.1
Project("{FAE04EC0-301F-11D3-BF4B-00C04F79EFBC}") = "ChapterApiWeb", "ChapterApiWeb\ChapterApiWeb.csproj", "{354605B1-E79C-42AD-A4AE-D4D496DF183E}"
EndProject
Project("{FAE04EC0-301F-11D3-BF4B-00C04F79EFBC}") = "TestXUnit", "TestXUnit\TestXUnit.csproj", "{CB49D66D-D85F-44FB-893C-6DD713704745}"
EndProject
Global
	GlobalSection(SolutionConfigurationPlatforms) = preSolution
		Debug|Any CPU = Debug|Any CPU
		Release|Any CPU = Release|Any CPU
	EndGlobalSection
	GlobalSection(ProjectConfigurationPlatforms) = postSolution
		{354605B1-E79C-42AD-A4AE-D4D496DF183E}.Debug|Any CPU.ActiveCfg = Debug|Any CPU
		{354605B1-E79C-42AD-A4AE-D4D496DF183E}.Debug|Any CPU.Build.0 = Debug|Any CPU
		{354605B1-E79C-42AD-A4AE-D4D496DF183E}.Release|Any CPU.ActiveCfg = Release|Any CPU
		{354605B1-E79C-42AD-A4AE-D4D496DF183E}.Release|Any CPU.Build.0 = Release|Any CPU
		{CB49D66D-D85F-44FB-893C-6DD713704745}.Debug|Any CPU.ActiveCfg = Debug|Any CPU
		{CB49D66D-D85F-44FB-893C-6DD713704745}.Debug|Any CPU.Build.0 = Debug|Any CPU
		{CB49D66D-D85F-44FB-893C-6DD713704745}.Release|Any CPU.ActiveCfg = Release|Any CPU
		{CB49D66D-D85F-44FB-893C-6DD713704745}.Release|Any CPU.Build.0 = Release|Any CPU
	EndGlobalSection
	GlobalSection(SolutionProperties) = preSolution
		HideSolutionNode = FALSE
	EndGlobalSection
	GlobalSection(ExtensibilityGlobals) = postSolution
		SolutionGuid = {CE6A30AC-734D-46C9-9786-FB9691B46BED}
	EndGlobalSection
EndGlobal
